
Microsoft Visual Studio Solution File, Format Version 12.00
# Visual Studio Version 16
VisualStudioVersion = 16.0.34931.43
MinimumVisualStudioVersion = 10.0.40219.1
Project("{FAE04EC0-301F-11D3-BF4B-00C04F79EFBC}") = "RosondDeveloperTest", "RosondDeveloperTest\RosondDeveloperTest.csproj", "{F382B62E-89E6-4596-98FA-291108900997}"
EndProject
Global
	GlobalSection(SolutionConfigurationPlatforms) = preSolution
		Debug|Any CPU = Debug|Any CPU
		Release|Any CPU = Release|Any CPU
	EndGlobalSection
	GlobalSection(ProjectConfigurationPlatforms) = postSolution
		{F382B62E-89E6-4596-98FA-291108900997}.Debug|Any CPU.ActiveCfg = Debug|Any CPU
		{F382B62E-89E6-4596-98FA-291108900997}.Debug|Any CPU.Build.0 = Debug|Any CPU
		{F382B62E-89E6-4596-98FA-291108900997}.Release|Any CPU.ActiveCfg = Release|Any CPU
		{F382B62E-89E6-4596-98FA-291108900997}.Release|Any CPU.Build.0 = Release|Any CPU
	EndGlobalSection
	GlobalSection(SolutionProperties) = preSolution
		HideSolutionNode = FALSE
	EndGlobalSection
	GlobalSection(ExtensibilityGlobals) = postSolution
		SolutionGuid = {25635B33-AB00-4930-ACC4-CC7CB9E006F1}
	EndGlobalSection
EndGlobal
